lockfileVersion: '9.0'

settings:
  autoInstallPeers: true
  excludeLinksFromLockfile: false

importers:

  .:
    dependencies:
      '@clack/prompts':
        specifier: ^1.2.0
        version: 1.2.0
    devDependencies:
      '@types/node':
        specifier: ^24.12.2
        version: 24.12.2
      typescript:
        specifier: ^6.0.2
        version: 6.0.2

packages:

  '@clack/core@1.2.0':
    resolution: {integrity: sha512-qfxof/3T3t9DPU/Rj3OmcFyZInceqj/NVtO9rwIuJqCUgh32gwPjpFQQp/ben07qKlhpwq7GzfWpST4qdJ5Drg==}

  '@clack/prompts@1.2.0':
    resolution: {integrity: sha512-4jmztR9fMqPMjz6H/UZXj0zEmE43ha1euENwkckKKel4XpSfokExPo5AiVStdHSAlHekz4d0CA/r45Ok1E4D3w==}

  '@types/node@24.12.2':
    resolution: {integrity: sha512-A1sre26ke7HDIuY/M23nd9gfB+nrmhtYyMINbjI1zHJxYteKR6qSMX56FsmjMcDb3SMcjJg5BiRRgOCC/yBD0g==}

  fast-string-truncated-width@1.2.1:
    resolution: {integrity: sha512-Q9acT/+Uu3GwGj+5w/zsGuQjh9O1TyywhIwAxHudtWrgF09nHOPrvTLhQevPbttcxjr/SNN7mJmfOw/B1bXgow==}

  fast-string-width@1.1.0:
    resolution: {integrity: sha512-O3fwIVIH5gKB38QNbdg+3760ZmGz0SZMgvwJbA1b2TGXceKE6A2cOlfogh1iw8lr049zPyd7YADHy+B7U4W9bQ==}

  fast-wrap-ansi@0.1.6:
    resolution: {integrity: sha512-HlUwET7a5gqjURj70D5jl7aC3Zmy4weA1SHUfM0JFI0Ptq987NH2TwbBFLoERhfwk+E+eaq4EK3jXoT+R3yp3w==}

  sisteransi@1.0.5:
    resolution: {integrity: sha512-bLGGlR1QxBcynn2d5YmDX4MGjlZvy2MRBDRNHLJ8VI6l6+9FUiyTFNJ0IveOSP0bcXgVDPRcfGqA0pjaqUpfVg==}

  typescript@6.0.2:
    resolution: {integrity: sha512-bGdAIrZ0wiGDo5l8c++HWtbaNCWTS4UTv7RaTH/ThVIgjkveJt83m74bBHMJkuCbslY8ixgLBVZJIOiQlQTjfQ==}
    engines: {node: '>=14.17'}
    hasBin: true

  undici-types@7.16.0:
    resolution: {integrity: sha512-Zz+aZWSj8LE6zoxD+xrjh4VfkIG8Ya6LvYkZqtUQGJPZjYl53ypCaUwWqo7eI0x66KBGeRo+mlBEkMSeSZ38Nw==}

snapshots:

  '@clack/core@1.2.0':
    dependencies:
      fast-wrap-ansi: 0.1.6
      sisteransi: 1.0.5

  '@clack/prompts@1.2.0':
    dependencies:
      '@clack/core': 1.2.0
      fast-string-width: 1.1.0
      fast-wrap-ansi: 0.1.6
      sisteransi: 1.0.5

  '@types/node@24.12.2':
    dependencies:
      undici-types: 7.16.0

  fast-string-truncated-width@1.2.1: {}

  fast-string-width@1.1.0:
    dependencies:
      fast-string-truncated-width: 1.2.1

  fast-wrap-ansi@0.1.6:
    dependencies:
      fast-string-width: 1.1.0

  sisteransi@1.0.5: {}

  typescript@6.0.2: {}

  undici-types@7.16.0: {}
